
Microsoft Visual Studio Solution File, Format Version 12.00
# Visual Studio 15
VisualStudioVersion = 15.0.27130.2027
MinimumVisualStudioVersion = 10.0.40219.1
Project("{FAE04EC0-301F-11D3-BF4B-00C04F79EFBC}") = "changeNumberToText", "changeNumberToText.csproj", "{6DDC6646-7F30-4644-A336-05C1143160BD}"
EndProject
Global
	GlobalSection(SolutionConfigurationPlatforms) = preSolution
		Debug|Any CPU = Debug|Any CPU
		Release|Any CPU = Release|Any CPU
	EndGlobalSection
	GlobalSection(ProjectConfigurationPlatforms) = postSolution
		{6DDC6646-7F30-4644-A336-05C1143160BD}.Debug|Any CPU.ActiveCfg = Debug|Any CPU
		{6DDC6646-7F30-4644-A336-05C1143160BD}.Debug|Any CPU.Build.0 = Debug|Any CPU
		{6DDC6646-7F30-4644-A336-05C1143160BD}.Release|Any CPU.ActiveCfg = Release|Any CPU
		{6DDC6646-7F30-4644-A336-05C1143160BD}.Release|Any CPU.Build.0 = Release|Any CPU
	EndGlobalSection
	GlobalSection(SolutionProperties) = preSolution
		HideSolutionNode = FALSE
	EndGlobalSection
	GlobalSection(ExtensibilityGlobals) = postSolution
		SolutionGuid = {EA1FC249-37E1-4DFA-8334-2E7C27EB3046}
	EndGlobalSection
EndGlobal
