
Microsoft Visual Studio Solution File, Format Version 12.00
# Visual Studio 15
VisualStudioVersion = 15.0.27703.2042
MinimumVisualStudioVersion = 10.0.40219.1
Project("{FAE04EC0-301F-11D3-BF4B-00C04F79EFBC}") = "DiceGameHomework", "DiceGameHomework\DiceGameHomework.csproj", "{46DD9A87-D00C-47FA-A43F-22ED2546684F}"
EndProject
Global
	GlobalSection(SolutionConfigurationPlatforms) = preSolution
		Debug|Any CPU = Debug|Any CPU
		Release|Any CPU = Release|Any CPU
	EndGlobalSection
	GlobalSection(ProjectConfigurationPlatforms) = postSolution
		{46DD9A87-D00C-47FA-A43F-22ED2546684F}.Debug|Any CPU.ActiveCfg = Debug|Any CPU
		{46DD9A87-D00C-47FA-A43F-22ED2546684F}.Debug|Any CPU.Build.0 = Debug|Any CPU
		{46DD9A87-D00C-47FA-A43F-22ED2546684F}.Release|Any CPU.ActiveCfg = Release|Any CPU
		{46DD9A87-D00C-47FA-A43F-22ED2546684F}.Release|Any CPU.Build.0 = Release|Any CPU
	EndGlobalSection
	GlobalSection(SolutionProperties) = preSolution
		HideSolutionNode = FALSE
	EndGlobalSection
	GlobalSection(ExtensibilityGlobals) = postSolution
		SolutionGuid = {744C3D76-368D-499C-A74D-BC7DA1C517BE}
	EndGlobalSection
EndGlobal
